
Microsoft Visual Studio Solution File, Format Version 12.00
# Visual Studio Version 17
VisualStudioVersion = 17.14.36408.4 d17.14
MinimumVisualStudioVersion = 10.0.40219.1
Project("{FAE04EC0-301F-11D3-BF4B-00C04F79EFBC}") = "Project_3_CodeQuotes", "Project_3_CodeQuotes\Project_3_CodeQuotes.csproj", "{72DE6F12-5175-44D2-BF73-34A84BA6EC2D}"
EndProject
Global
	GlobalSection(SolutionConfigurationPlatforms) = preSolution
		Debug|Any CPU = Debug|Any CPU
		Release|Any CPU = Release|Any CPU
	EndGlobalSection
	GlobalSection(ProjectConfigurationPlatforms) = postSolution
		{72DE6F12-5175-44D2-BF73-34A84BA6EC2D}.Debug|Any CPU.ActiveCfg = Debug|Any CPU
		{72DE6F12-5175-44D2-BF73-34A84BA6EC2D}.Debug|Any CPU.Build.0 = Debug|Any CPU
		{72DE6F12-5175-44D2-BF73-34A84BA6EC2D}.Release|Any CPU.ActiveCfg = Release|Any CPU
		{72DE6F12-5175-44D2-BF73-34A84BA6EC2D}.Release|Any CPU.Build.0 = Release|Any CPU
	EndGlobalSection
	GlobalSection(SolutionProperties) = preSolution
		HideSolutionNode = FALSE
	EndGlobalSection
	GlobalSection(ExtensibilityGlobals) = postSolution
		SolutionGuid = {3964199F-A759-47DF-ADD9-51BDC7F402D9}
	EndGlobalSection
EndGlobal
